
Microsoft Visual Studio Solution File, Format Version 12.00
# Visual Studio Version 16
VisualStudioVersion = 16.0.29806.167
MinimumVisualStudioVersion = 10.0.40219.1
Project("{D954291E-2A0B-460D-934E-DC6B0785DB48}") = "UnoWebClient.Shared", "UnoWebClient\UnoWebClient.Shared\UnoWebClient.Shared.shproj", "{6279C845-92F8-4333-AB99-3D213163593C}"
EndProject
Project("{FAE04EC0-301F-11D3-BF4B-00C04F79EFBC}") = "UnoWebClient.Droid", "UnoWebClient\UnoWebClient.Droid\UnoWebClient.Droid.csproj", "{75B238C5-6D9D-461B-8CB9-338B92739510}"
EndProject
Project("{FAE04EC0-301F-11D3-BF4B-00C04F79EFBC}") = "UnoWebClient.iOS", "UnoWebClient\UnoWebClient.iOS\UnoWebClient.iOS.csproj", "{D3FC6293-34EA-4FEF-B7FA-89F1A0DBFE6D}"
EndProject
Project("{FAE04EC0-301F-11D3-BF4B-00C04F79EFBC}") = "UnoWebClient.UWP", "UnoWebClient\UnoWebClient.UWP\UnoWebClient.UWP.csproj", "{2178C342-775E-4436-8F41-215A1CCEBE4E}"
EndProject
Project("{FAE04EC0-301F-11D3-BF4B-00C04F79EFBC}") = "UnoWebClient.Wasm", "UnoWebClient\UnoWebClient.Wasm\UnoWebClient.Wasm.csproj", "{1705CF6D-E244-4041-ABF8-67966D28E3EB}"
EndProject
Global
	GlobalSection(SharedMSBuildProjectFiles) = preSolution
		UnoWebClient\UnoWebClient.Shared\UnoWebClient.Shared.projitems*{6279c845-92f8-4333-ab99-3d213163593c}*SharedItemsImports = 13
	EndGlobalSection
	GlobalSection(SolutionConfigurationPlatforms) = preSolution
		Ad-Hoc|Any CPU = Ad-Hoc|Any CPU
		Ad-Hoc|ARM = Ad-Hoc|ARM
		Ad-Hoc|iPhone = Ad-Hoc|iPhone
		Ad-Hoc|iPhoneSimulator = Ad-Hoc|iPhoneSimulator
		Ad-Hoc|x64 = Ad-Hoc|x64
		Ad-Hoc|x86 = Ad-Hoc|x86
		AppStore|Any CPU = AppStore|Any CPU
		AppStore|ARM = AppStore|ARM
		AppStore|iPhone = AppStore|iPhone
		AppStore|iPhoneSimulator = AppStore|iPhoneSimulator
		AppStore|x64 = AppStore|x64
		AppStore|x86 = AppStore|x86
		Debug|Any CPU = Debug|Any CPU
		Debug|ARM = Debug|ARM
		Debug|iPhone = Debug|iPhone
		Debug|iPhoneSimulator = Debug|iPhoneSimulator
		Debug|x64 = Debug|x64
		Debug|x86 = Debug|x86
		Release|Any CPU = Release|Any CPU
		Release|ARM = Release|ARM
		Release|iPhone = Release|iPhone
		Release|iPhoneSimulator = Release|iPhoneSimulator
		Release|x64 = Release|x64
		Release|x86 = Release|x86
	EndGlobalSection
	GlobalSection(ProjectConfigurationPlatforms) = postSolution
		{75B238C5-6D9D-461B-8CB9-338B92739510}.Ad-Hoc|Any CPU.ActiveCfg = Release|Any CPU
		{75B238C5-6D9D-461B-8CB9-338B92739510}.Ad-Hoc|Any CPU.Build.0 = Release|Any CPU
		{75B238C5-6D9D-461B-8CB9-338B92739510}.Ad-Hoc|Any CPU.Deploy.0 = Release|Any CPU
		{75B238C5-6D9D-461B-8CB9-338B92739510}.Ad-Hoc|ARM.ActiveCfg = Release|Any CPU
		{75B238C5-6D9D-461B-8CB9-338B92739510}.Ad-Hoc|ARM.Build.0 = Release|Any CPU
		{75B238C5-6D9D-461B-8CB9-338B92739510}.Ad-Hoc|ARM.Deploy.0 = Release|Any CPU
		{75B238C5-6D9D-461B-8CB9-338B92739510}.Ad-Hoc|iPhone.ActiveCfg = Release|Any CPU
		{75B238C5-6D9D-461B-8CB9-338B92739510}.Ad-Hoc|iPhone.Build.0 = Release|Any CPU
		{75B238C5-6D9D-461B-8CB9-338B92739510}.Ad-Hoc|iPhone.Deploy.0 = Release|Any CPU
		{75B238C5-6D9D-461B-8CB9-338B92739510}.Ad-Hoc|iPhoneSimulator.ActiveCfg = Release|Any CPU
		{75B238C5-6D9D-461B-8CB9-338B92739510}.Ad-Hoc|iPhoneSimulator.Build.0 = Release|Any CPU
		{75B238C5-6D9D-461B-8CB9-338B92739510}.Ad-Hoc|iPhoneSimulator.Deploy.0 = Release|Any CPU
		{75B238C5-6D9D-461B-8CB9-338B92739510}.Ad-Hoc|x64.ActiveCfg = Release|Any CPU
		{75B238C5-6D9D-461B-8CB9-338B92739510}.Ad-Hoc|x64.Build.0 = Release|Any CPU
		{75B238C5-6D9D-461B-8CB9-338B92739510}.Ad-Hoc|x64.Deploy.0 = Release|Any CPU
		{75B238C5-6D9D-461B-8CB9-338B92739510}.Ad-Hoc|x86.ActiveCfg = Release|Any CPU
		{75B238C5-6D9D-461B-8CB9-338B92739510}.Ad-Hoc|x86.Build.0 = Release|Any CPU
		{75B238C5-6D9D-461B-8CB9-338B92739510}.Ad-Hoc|x86.Deploy.0 = Release|Any CPU
		{75B238C5-6D9D-461B-8CB9-338B92739510}.AppStore|Any CPU.ActiveCfg = Release|Any CPU
		{75B238C5-6D9D-461B-8CB9-338B92739510}.AppStore|Any CPU.Build.0 = Release|Any CPU
		{75B238C5-6D9D-461B-8CB9-338B92739510}.AppStore|Any CPU.Deploy.0 = Release|Any CPU
		{75B238C5-6D9D-461B-8CB9-338B92739510}.AppStore|ARM.ActiveCfg = Release|Any CPU
		{75B238C5-6D9D-461B-8CB9-338B92739510}.AppStore|ARM.Build.0 = Release|Any CPU
		{75B238C5-6D9D-461B-8CB9-338B92739510}.AppStore|ARM.Deploy.0 = Release|Any CPU
		{75B238C5-6D9D-461B-8CB9-338B92739510}.AppStore|iPhone.ActiveCfg = Release|Any CPU
		{75B238C5-6D9D-461B-8CB9-338B92739510}.AppStore|iPhone.Build.0 = Release|Any CPU
		{75B238C5-6D9D-461B-8CB9-338B92739510}.AppStore|iPhone.Deploy.0 = Release|Any CPU
		{75B238C5-6D9D-461B-8CB9-338B92739510}.AppStore|iPhoneSimulator.ActiveCfg = Release|Any CPU
		{75B238C5-6D9D-461B-8CB9-338B92739510}.AppStore|iPhoneSimulator.Build.0 = Release|Any CPU
		{75B238C5-6D9D-461B-8CB9-338B92739510}.AppStore|iPhoneSimulator.Deploy.0 = Release|Any CPU
		{75B238C5-6D9D-461B-8CB9-338B92739510}.AppStore|x64.ActiveCfg = Release|Any CPU
		{75B238C5-6D9D-461B-8CB9-338B92739510}.AppStore|x64.Build.0 = Release|Any CPU
		{75B238C5-6D9D-461B-8CB9-338B92739510}.AppStore|x64.Deploy.0 = Release|Any CPU
		{75B238C5-6D9D-461B-8CB9-338B92739510}.AppStore|x86.ActiveCfg = Release|Any CPU
		{75B238C5-6D9D-461B-8CB9-338B92739510}.AppStore|x86.Build.0 = Release|Any CPU
		{75B238C5-6D9D-461B-8CB9-338B92739510}.AppStore|x86.Deploy.0 = Release|Any CPU
		{75B238C5-6D9D-461B-8CB9-338B92739510}.Debug|Any CPU.ActiveCfg = Debug|Any CPU
		{75B238C5-6D9D-461B-8CB9-338B92739510}.Debug|Any CPU.Build.0 = Debug|Any CPU
		{75B238C5-6D9D-461B-8CB9-338B92739510}.Debug|Any CPU.Deploy.0 = Debug|Any CPU
		{75B238C5-6D9D-461B-8CB9-338B92739510}.Debug|ARM.ActiveCfg = Debug|Any CPU
		{75B238C5-6D9D-461B-8CB9-338B92739510}.Debug|ARM.Build.0 = Debug|Any CPU
		{75B238C5-6D9D-461B-8CB9-338B92739510}.Debug|ARM.Deploy.0 = Debug|Any CPU
		{75B238C5-6D9D-461B-8CB9-338B92739510}.Debug|iPhone.ActiveCfg = Debug|Any CPU
		{75B238C5-6D9D-461B-8CB9-338B92739510}.Debug|iPhone.Build.0 = Debug|Any CPU
		{75B238C5-6D9D-461B-8CB9-338B92739510}.Debug|iPhone.Deploy.0 = Debug|Any CPU
		{75B238C5-6D9D-461B-8CB9-338B92739510}.Debug|iPhoneSimulator.ActiveCfg = Debug|Any CPU
		{75B238C5-6D9D-461B-8CB9-338B92739510}.Debug|iPhoneSimulator.Build.0 = Debug|Any CPU
		{75B238C5-6D9D-461B-8CB9-338B92739510}.Debug|iPhoneSimulator.Deploy.0 = Debug|Any CPU
		{75B238C5-6D9D-461B-8CB9-338B92739510}.Debug|x64.ActiveCfg = Debug|Any CPU
		{75B238C5-6D9D-461B-8CB9-338B92739510}.Debug|x64.Build.0 = Debug|Any CPU
		{75B238C5-6D9D-461B-8CB9-338B92739510}.Debug|x64.Deploy.0 = Debug|Any CPU
		{75B238C5-6D9D-461B-8CB9-338B92739510}.Debug|x86.ActiveCfg = Debug|Any CPU
		{75B238C5-6D9D-461B-8CB9-338B92739510}.Debug|x86.Build.0 = Debug|Any CPU
		{75B238C5-6D9D-461B-8CB9-338B92739510}.Debug|x86.Deploy.0 = Debug|Any CPU
		{75B238C5-6D9D-461B-8CB9-338B92739510}.Release|Any CPU.ActiveCfg = Release|Any CPU
		{75B238C5-6D9D-461B-8CB9-338B92739510}.Release|Any CPU.Build.0 = Release|Any CPU
		{75B238C5-6D9D-461B-8CB9-338B92739510}.Release|Any CPU.Deploy.0 = Release|Any CPU
		{75B238C5-6D9D-461B-8CB9-338B92739510}.Release|ARM.ActiveCfg = Release|Any CPU
		{75B238C5-6D9D-461B-8CB9-338B92739510}.Release|ARM.Build.0 = Release|Any CPU
		{75B238C5-6D9D-461B-8CB9-338B92739510}.Release|ARM.Deploy.0 = Release|Any CPU
		{75B238C5-6D9D-461B-8CB9-338B92739510}.Release|iPhone.ActiveCfg = Release|Any CPU
		{75B238C5-6D9D-461B-8CB9-338B92739510}.Release|iPhone.Build.0 = Release|Any CPU
		{75B238C5-6D9D-461B-8CB9-338B92739510}.Release|iPhone.Deploy.0 = Release|Any CPU
		{75B238C5-6D9D-461B-8CB9-338B92739510}.Release|iPhoneSimulator.ActiveCfg = Release|Any CPU
		{75B238C5-6D9D-461B-8CB9-338B92739510}.Release|iPhoneSimulator.Build.0 = Release|Any CPU
		{75B238C5-6D9D-461B-8CB9-338B92739510}.Release|iPhoneSimulator.Deploy.0 = Release|Any CPU
		{75B238C5-6D9D-461B-8CB9-338B92739510}.Release|x64.ActiveCfg = Release|Any CPU
		{75B238C5-6D9D-461B-8CB9-338B92739510}.Release|x64.Build.0 = Release|Any CPU
		{75B238C5-6D9D-461B-8CB9-338B92739510}.Release|x64.Deploy.0 = Release|Any CPU
		{75B238C5-6D9D-461B-8CB9-338B92739510}.Release|x86.ActiveCfg = Release|Any CPU
		{75B238C5-6D9D-461B-8CB9-338B92739510}.Release|x86.Build.0 = Release|Any CPU
		{75B238C5-6D9D-461B-8CB9-338B92739510}.Release|x86.Deploy.0 = Release|Any CPU
		{D3FC6293-34EA-4FEF-B7FA-89F1A0DBFE6D}.Ad-Hoc|Any CPU.ActiveCfg = Ad-Hoc|iPhone
		{D3FC6293-34EA-4FEF-B7FA-89F1A0DBFE6D}.Ad-Hoc|ARM.ActiveCfg = Ad-Hoc|iPhone
		{D3FC6293-34EA-4FEF-B7FA-89F1A0DBFE6D}.Ad-Hoc|iPhone.ActiveCfg = Ad-Hoc|iPhone
		{D3FC6293-34EA-4FEF-B7FA-89F1A0DBFE6D}.Ad-Hoc|iPhone.Build.0 = Ad-Hoc|iPhone
		{D3FC6293-34EA-4FEF-B7FA-89F1A0DBFE6D}.Ad-Hoc|iPhoneSimulator.ActiveCfg = Ad-Hoc|iPhoneSimulator
		{D3FC6293-34EA-4FEF-B7FA-89F1A0DBFE6D}.Ad-Hoc|iPhoneSimulator.Build.0 = Ad-Hoc|iPhoneSimulator
		{D3FC6293-34EA-4FEF-B7FA-89F1A0DBFE6D}.Ad-Hoc|x64.ActiveCfg = Ad-Hoc|iPhone
		{D3FC6293-34EA-4FEF-B7FA-89F1A0DBFE6D}.Ad-Hoc|x86.ActiveCfg = Ad-Hoc|iPhone
		{D3FC6293-34EA-4FEF-B7FA-89F1A0DBFE6D}.AppStore|Any CPU.ActiveCfg = AppStore|iPhone
		{D3FC6293-34EA-4FEF-B7FA-89F1A0DBFE6D}.AppStore|ARM.ActiveCfg = AppStore|iPhone
		{D3FC6293-34EA-4FEF-B7FA-89F1A0DBFE6D}.AppStore|iPhone.ActiveCfg = AppStore|iPhone
		{D3FC6293-34EA-4FEF-B7FA-89F1A0DBFE6D}.AppStore|iPhone.Build.0 = AppStore|iPhone
		{D3FC6293-34EA-4FEF-B7FA-89F1A0DBFE6D}.AppStore|iPhoneSimulator.ActiveCfg = AppStore|iPhoneSimulator
		{D3FC6293-34EA-4FEF-B7FA-89F1A0DBFE6D}.AppStore|iPhoneSimulator.Build.0 = AppStore|iPhoneSimulator
		{D3FC6293-34EA-4FEF-B7FA-89F1A0DBFE6D}.AppStore|x64.ActiveCfg = AppStore|iPhone
		{D3FC6293-34EA-4FEF-B7FA-89F1A0DBFE6D}.AppStore|x86.ActiveCfg = AppStore|iPhone
		{D3FC6293-34EA-4FEF-B7FA-89F1A0DBFE6D}.Debug|Any CPU.ActiveCfg = Debug|iPhone
		{D3FC6293-34EA-4FEF-B7FA-89F1A0DBFE6D}.Debug|ARM.ActiveCfg = Debug|iPhone
		{D3FC6293-34EA-4FEF-B7FA-89F1A0DBFE6D}.Debug|iPhone.ActiveCfg = Debug|iPhone
		{D3FC6293-34EA-4FEF-B7FA-89F1A0DBFE6D}.Debug|iPhone.Build.0 = Debug|iPhone
		{D3FC6293-34EA-4FEF-B7FA-89F1A0DBFE6D}.Debug|iPhoneSimulator.ActiveCfg = Debug|iPhoneSimulator
		{D3FC6293-34EA-4FEF-B7FA-89F1A0DBFE6D}.Debug|iPhoneSimulator.Build.0 = Debug|iPhoneSimulator
		{D3FC6293-34EA-4FEF-B7FA-89F1A0DBFE6D}.Debug|x64.ActiveCfg = Debug|iPhone
		{D3FC6293-34EA-4FEF-B7FA-89F1A0DBFE6D}.Debug|x86.ActiveCfg = Debug|iPhone
		{D3FC6293-34EA-4FEF-B7FA-89F1A0DBFE6D}.Release|Any CPU.ActiveCfg = Release|iPhone
		{D3FC6293-34EA-4FEF-B7FA-89F1A0DBFE6D}.Release|ARM.ActiveCfg = Release|iPhone
		{D3FC6293-34EA-4FEF-B7FA-89F1A0DBFE6D}.Release|iPhone.ActiveCfg = Release|iPhone
		{D3FC6293-34EA-4FEF-B7FA-89F1A0DBFE6D}.Release|iPhone.Build.0 = Release|iPhone
		{D3FC6293-34EA-4FEF-B7FA-89F1A0DBFE6D}.Release|iPhoneSimulator.ActiveCfg = Release|iPhoneSimulator
		{D3FC6293-34EA-4FEF-B7FA-89F1A0DBFE6D}.Release|iPhoneSimulator.Build.0 = Release|iPhoneSimulator
		{D3FC6293-34EA-4FEF-B7FA-89F1A0DBFE6D}.Release|x64.ActiveCfg = Release|iPhone
		{D3FC6293-34EA-4FEF-B7FA-89F1A0DBFE6D}.Release|x86.ActiveCfg = Release|iPhone
		{2178C342-775E-4436-8F41-215A1CCEBE4E}.Ad-Hoc|Any CPU.ActiveCfg = Release|x64
		{2178C342-775E-4436-8F41-215A1CCEBE4E}.Ad-Hoc|Any CPU.Build.0 = Release|x64
		{2178C342-775E-4436-8F41-215A1CCEBE4E}.Ad-Hoc|Any CPU.Deploy.0 = Release|x64
		{2178C342-775E-4436-8F41-215A1CCEBE4E}.Ad-Hoc|ARM.ActiveCfg = Release|ARM
		{2178C342-775E-4436-8F41-215A1CCEBE4E}.Ad-Hoc|ARM.Build.0 = Release|ARM
		{2178C342-775E-4436-8F41-215A1CCEBE4E}.Ad-Hoc|ARM.Deploy.0 = Release|ARM
		{2178C342-775E-4436-8F41-215A1CCEBE4E}.Ad-Hoc|iPhone.ActiveCfg = Release|x64
		{2178C342-775E-4436-8F41-215A1CCEBE4E}.Ad-Hoc|iPhone.Build.0 = Release|x64
		{2178C342-775E-4436-8F41-215A1CCEBE4E}.Ad-Hoc|iPhone.Deploy.0 = Release|x64
		{2178C342-775E-4436-8F41-215A1CCEBE4E}.Ad-Hoc|iPhoneSimulator.ActiveCfg = Release|x64
		{2178C342-775E-4436-8F41-215A1CCEBE4E}.Ad-Hoc|iPhoneSimulator.Build.0 = Release|x64
		{2178C342-775E-4436-8F41-215A1CCEBE4E}.Ad-Hoc|iPhoneSimulator.Deploy.0 = Release|x64
		{2178C342-775E-4436-8F41-215A1CCEBE4E}.Ad-Hoc|x64.ActiveCfg = Release|x64
		{2178C342-775E-4436-8F41-215A1CCEBE4E}.Ad-Hoc|x64.Build.0 = Release|x64
		{2178C342-775E-4436-8F41-215A1CCEBE4E}.Ad-Hoc|x64.Deploy.0 = Release|x64
		{2178C342-775E-4436-8F41-215A1CCEBE4E}.Ad-Hoc|x86.ActiveCfg = Release|x86
		{2178C342-775E-4436-8F41-215A1CCEBE4E}.Ad-Hoc|x86.Build.0 = Release|x86
		{2178C342-775E-4436-8F41-215A1CCEBE4E}.Ad-Hoc|x86.Deploy.0 = Release|x86
		{2178C342-775E-4436-8F41-215A1CCEBE4E}.AppStore|Any CPU.ActiveCfg = Release|x64
		{2178C342-775E-4436-8F41-215A1CCEBE4E}.AppStore|Any CPU.Build.0 = Release|x64
		{2178C342-775E-4436-8F41-215A1CCEBE4E}.AppStore|Any CPU.Deploy.0 = Release|x64
		{2178C342-775E-4436-8F41-215A1CCEBE4E}.AppStore|ARM.ActiveCfg = Release|ARM
		{2178C342-775E-4436-8F41-215A1CCEBE4E}.AppStore|ARM.Build.0 = Release|ARM
		{2178C342-775E-4436-8F41-215A1CCEBE4E}.AppStore|ARM.Deploy.0 = Release|ARM
		{2178C342-775E-4436-8F41-215A1CCEBE4E}.AppStore|iPhone.ActiveCfg = Release|x64
		{2178C342-775E-4436-8F41-215A1CCEBE4E}.AppStore|iPhone.Build.0 = Release|x64
		{2178C342-775E-4436-8F41-215A1CCEBE4E}.AppStore|iPhone.Deploy.0 = Release|x64
		{2178C342-775E-4436-8F41-215A1CCEBE4E}.AppStore|iPhoneSimulator.ActiveCfg = Release|x64
		{2178C342-775E-4436-8F41-215A1CCEBE4E}.AppStore|iPhoneSimulator.Build.0 = Release|x64
		{2178C342-775E-4436-8F41-215A1CCEBE4E}.AppStore|iPhoneSimulator.Deploy.0 = Release|x64
		{2178C342-775E-4436-8F41-215A1CCEBE4E}.AppStore|x64.ActiveCfg = Release|x64
		{2178C342-775E-4436-8F41-215A1CCEBE4E}.AppStore|x64.Build.0 = Release|x64
		{2178C342-775E-4436-8F41-215A1CCEBE4E}.AppStore|x64.Deploy.0 = Release|x64
		{2178C342-775E-4436-8F41-215A1CCEBE4E}.AppStore|x86.ActiveCfg = Release|x86
		{2178C342-775E-4436-8F41-215A1CCEBE4E}.AppStore|x86.Build.0 = Release|x86
		{2178C342-775E-4436-8F41-215A1CCEBE4E}.AppStore|x86.Deploy.0 = Release|x86
		{2178C342-775E-4436-8F41-215A1CCEBE4E}.Debug|Any CPU.ActiveCfg = Debug|x86
		{2178C342-775E-4436-8F41-215A1CCEBE4E}.Debug|ARM.ActiveCfg = Debug|ARM
		{2178C342-775E-4436-8F41-215A1CCEBE4E}.Debug|ARM.Build.0 = Debug|ARM
		{2178C342-775E-4436-8F41-215A1CCEBE4E}.Debug|ARM.Deploy.0 = Debug|ARM
		{2178C342-775E-4436-8F41-215A1CCEBE4E}.Debug|iPhone.ActiveCfg = Debug|x86
		{2178C342-775E-4436-8F41-215A1CCEBE4E}.Debug|iPhoneSimulator.ActiveCfg = Debug|x86
		{2178C342-775E-4436-8F41-215A1CCEBE4E}.Debug|x64.ActiveCfg = Debug|x64
		{2178C342-775E-4436-8F41-215A1CCEBE4E}.Debug|x64.Build.0 = Debug|x64
		{2178C342-775E-4436-8F41-215A1CCEBE4E}.Debug|x64.Deploy.0 = Debug|x64
		{2178C342-775E-4436-8F41-215A1CCEBE4E}.Debug|x86.ActiveCfg = Debug|x86
		{2178C342-775E-4436-8F41-215A1CCEBE4E}.Debug|x86.Build.0 = Debug|x86
		{2178C342-775E-4436-8F41-215A1CCEBE4E}.Debug|x86.Deploy.0 = Debug|x86
		{2178C342-775E-4436-8F41-215A1CCEBE4E}.Release|Any CPU.ActiveCfg = Release|x86
		{2178C342-775E-4436-8F41-215A1CCEBE4E}.Release|ARM.ActiveCfg = Release|ARM
		{2178C342-775E-4436-8F41-215A1CCEBE4E}.Release|ARM.Build.0 = Release|ARM
		{2178C342-775E-4436-8F41-215A1CCEBE4E}.Release|ARM.Deploy.0 = Release|ARM
		{2178C342-775E-4436-8F41-215A1CCEBE4E}.Release|iPhone.ActiveCfg = Release|x86
		{2178C342-775E-4436-8F41-215A1CCEBE4E}.Release|iPhoneSimulator.ActiveCfg = Release|x86
		{2178C342-775E-4436-8F41-215A1CCEBE4E}.Release|x64.ActiveCfg = Release|x64
		{2178C342-775E-4436-8F41-215A1CCEBE4E}.Release|x64.Build.0 = Release|x64
		{2178C342-775E-4436-8F41-215A1CCEBE4E}.Release|x64.Deploy.0 = Release|x64
		{2178C342-775E-4436-8F41-215A1CCEBE4E}.Release|x86.ActiveCfg = Release|x86
		{2178C342-775E-4436-8F41-215A1CCEBE4E}.Release|x86.Build.0 = Release|x86
		{2178C342-775E-4436-8F41-215A1CCEBE4E}.Release|x86.Deploy.0 = Release|x86
		{1705CF6D-E244-4041-ABF8-67966D28E3EB}.Ad-Hoc|Any CPU.ActiveCfg = Debug|Any CPU
		{1705CF6D-E244-4041-ABF8-67966D28E3EB}.Ad-Hoc|Any CPU.Build.0 = Debug|Any CPU
		{1705CF6D-E244-4041-ABF8-67966D28E3EB}.Ad-Hoc|ARM.ActiveCfg = Debug|Any CPU
		{1705CF6D-E244-4041-ABF8-67966D28E3EB}.Ad-Hoc|ARM.Build.0 = Debug|Any CPU
		{1705CF6D-E244-4041-ABF8-67966D28E3EB}.Ad-Hoc|iPhone.ActiveCfg = Debug|Any CPU
		{1705CF6D-E244-4041-ABF8-67966D28E3EB}.Ad-Hoc|iPhone.Build.0 = Debug|Any CPU
		{1705CF6D-E244-4041-ABF8-67966D28E3EB}.Ad-Hoc|iPhoneSimulator.ActiveCfg = Debug|Any CPU
		{1705CF6D-E244-4041-ABF8-67966D28E3EB}.Ad-Hoc|iPhoneSimulator.Build.0 = Debug|Any CPU
		{1705CF6D-E244-4041-ABF8-67966D28E3EB}.Ad-Hoc|x64.ActiveCfg = Debug|Any CPU
		{1705CF6D-E244-4041-ABF8-67966D28E3EB}.Ad-Hoc|x64.Build.0 = Debug|Any CPU
		{1705CF6D-E244-4041-ABF8-67966D28E3EB}.Ad-Hoc|x86.ActiveCfg = Debug|Any CPU
		{1705CF6D-E244-4041-ABF8-67966D28E3EB}.Ad-Hoc|x86.Build.0 = Debug|Any CPU
		{1705CF6D-E244-4041-ABF8-67966D28E3EB}.AppStore|Any CPU.ActiveCfg = Debug|Any CPU
		{1705CF6D-E244-4041-ABF8-67966D28E3EB}.AppStore|Any CPU.Build.0 = Debug|Any CPU
		{1705CF6D-E244-4041-ABF8-67966D28E3EB}.AppStore|ARM.ActiveCfg = Debug|Any CPU
		{1705CF6D-E244-4041-ABF8-67966D28E3EB}.AppStore|ARM.Build.0 = Debug|Any CPU
		{1705CF6D-E244-4041-ABF8-67966D28E3EB}.AppStore|iPhone.ActiveCfg = Debug|Any CPU
		{1705CF6D-E244-4041-ABF8-67966D28E3EB}.AppStore|iPhone.Build.0 = Debug|Any CPU
		{1705CF6D-E244-4041-ABF8-67966D28E3EB}.AppStore|iPhoneSimulator.ActiveCfg = Debug|Any CPU
		{1705CF6D-E244-4041-ABF8-67966D28E3EB}.AppStore|iPhoneSimulator.Build.0 = Debug|Any CPU
		{1705CF6D-E244-4041-ABF8-67966D28E3EB}.AppStore|x64.ActiveCfg = Debug|Any CPU
		{1705CF6D-E244-4041-ABF8-67966D28E3EB}.AppStore|x64.Build.0 = Debug|Any CPU
		{1705CF6D-E244-4041-ABF8-67966D28E3EB}.AppStore|x86.ActiveCfg = Debug|Any CPU
		{1705CF6D-E244-4041-ABF8-67966D28E3EB}.AppStore|x86.Build.0 = Debug|Any CPU
		{1705CF6D-E244-4041-ABF8-67966D28E3EB}.Debug|Any CPU.ActiveCfg = Debug|Any CPU
		{1705CF6D-E244-4041-ABF8-67966D28E3EB}.Debug|Any CPU.Build.0 = Debug|Any CPU
		{1705CF6D-E244-4041-ABF8-67966D28E3EB}.Debug|ARM.ActiveCfg = Debug|Any CPU
		{1705CF6D-E244-4041-ABF8-67966D28E3EB}.Debug|ARM.Build.0 = Debug|Any CPU
		{1705CF6D-E244-4041-ABF8-67966D28E3EB}.Debug|iPhone.ActiveCfg = Debug|Any CPU
		{1705CF6D-E244-4041-ABF8-67966D28E3EB}.Debug|iPhone.Build.0 = Debug|Any CPU
		{1705CF6D-E244-4041-ABF8-67966D28E3EB}.Debug|iPhoneSimulator.ActiveCfg = Debug|Any CPU
		{1705CF6D-E244-4041-ABF8-67966D28E3EB}.Debug|iPhoneSimulator.Build.0 = Debug|Any CPU
		{1705CF6D-E244-4041-ABF8-67966D28E3EB}.Debug|x64.ActiveCfg = Debug|Any CPU
		{1705CF6D-E244-4041-ABF8-67966D28E3EB}.Debug|x64.Build.0 = Debug|Any CPU
		{1705CF6D-E244-4041-ABF8-67966D28E3EB}.Debug|x86.ActiveCfg = Debug|Any CPU
		{1705CF6D-E244-4041-ABF8-67966D28E3EB}.Debug|x86.Build.0 = Debug|Any CPU
		{1705CF6D-E244-4041-ABF8-67966D28E3EB}.Release|Any CPU.ActiveCfg = Release|Any CPU
		{1705CF6D-E244-4041-ABF8-67966D28E3EB}.Release|Any CPU.Build.0 = Release|Any CPU
		{1705CF6D-E244-4041-ABF8-67966D28E3EB}.Release|ARM.ActiveCfg = Release|Any CPU
		{1705CF6D-E244-4041-ABF8-67966D28E3EB}.Release|ARM.Build.0 = Release|Any CPU
		{1705CF6D-E244-4041-ABF8-67966D28E3EB}.Release|iPhone.ActiveCfg = Release|Any CPU
		{1705CF6D-E244-4041-ABF8-67966D28E3EB}.Release|iPhone.Build.0 = Release|Any CPU
		{1705CF6D-E244-4041-ABF8-67966D28E3EB}.Release|iPhoneSimulator.ActiveCfg = Release|Any CPU
		{1705CF6D-E244-4041-ABF8-67966D28E3EB}.Release|iPhoneSimulator.Build.0 = Release|Any CPU
		{1705CF6D-E244-4041-ABF8-67966D28E3EB}.Release|x64.ActiveCfg = Release|Any CPU
		{1705CF6D-E244-4041-ABF8-67966D28E3EB}.Release|x64.Build.0 = Release|Any CPU
		{1705CF6D-E244-4041-ABF8-67966D28E3EB}.Release|x86.ActiveCfg = Release|Any CPU
		{1705CF6D-E244-4041-ABF8-67966D28E3EB}.Release|x86.Build.0 = Release|Any CPU
	EndGlobalSection
	GlobalSection(SolutionProperties) = preSolution
		HideSolutionNode = FALSE
	EndGlobalSection
	GlobalSection(ExtensibilityGlobals) = postSolution
		SolutionGuid = {3DC3688E-E36C-4AD2-8C1E-225226AE6420}
	EndGlobalSection
EndGlobal
